lockfileVersion: '9.0'

settings:
  autoInstallPeers: true
  excludeLinksFromLockfile: false

importers:

  .:
    dependencies:
      '@metap/ui':
        specifier: link:../design-system
        version: link:../design-system
      '@tanstack/react-virtual':
        specifier: ^3.14.9
        version: 3.14.10(react-dom@19.2.8(react@19.2.8))(react@19.2.8)
      dayjs:
        specifier: ^1.11.21
        version: 1.11.23
      i18next:
        specifier: ^26.3.6
        version: 26.4.0(typescript@6.0.3)
      react-i18next:
        specifier: ^17.0.11
        version: 17.0.12(i18next@26.4.0(typescript@6.0.3))(react-dom@19.2.8(react@19.2.8))(react@19.2.8)(typescript@6.0.3)
    devDependencies:
      '@tanstack/react-query':
        specifier: ^5.101.4
        version: 5.102.7(react@19.2.8)
      '@types/react':
        specifier: ^19.2.17
        version: 19.2.18
      '@types/react-dom':
        specifier: ^19.2.3
        version: 19.2.5(@types/react@19.2.18)
      openapi-typescript:
        specifier: ^7.4.4
        version: 7.13.0(typescript@6.0.3)
      oxlint:
        specifier: ^1.71.0
        version: 1.80.0
      prettier:
        specifier: ^3.4.2
        version: 3.9.6
      react:
        specifier: ^19.2.7
        version: 19.2.8
      react-dom:
        specifier: ^19.2.7
        version: 19.2.8(react@19.2.8)
      react-router-dom:
        specifier: ^7.18.1
        version: 7.18.2(react-dom@19.2.8(react@19.2.8))(react@19.2.8)
      typescript:
        specifier: ~6.0.2
        version: 6.0.3

packages:

  '@babel/code-frame@7.29.7':
    resolution: {integrity: sha512-Aup7aUOfpbAUg2ROOJN6Iw5f9DMBlzu0mIkm/malLQFN/YQgO48wCj0Kxa3sEHJvPVFg7siR+qRInwXd2qhQKw==}
    engines: {node: '>=6.9.0'}

  '@babel/helper-validator-identifier@7.29.7':
    resolution: {integrity: sha512-qehxGkRj55h/ff8EMaJ+cYhyaKlHIxqYDn682wQD7RNp9UujOQsHog2uS0r2vzr4pW+sXf90NeeayjcNaX3fFg==}
    engines: {node: '>=6.9.0'}

  '@babel/runtime@7.29.7':
    resolution: {integrity: sha512-Nq8OhGWiZIZGV6hLHoyAKLLcJihP/xFeBMGJoUrxTX2psI8dCifzLhZISFb+VWS3wFMRDmCGw5R+dOySCqPLhw==}
    engines: {node: '>=6.9.0'}

  '@oxlint/binding-android-arm-eabi@1.80.0':
    resolution: {integrity: sha512-RM3Plj+biQpxa5d1GOOX6ciDlcUROmm4OZ/pLTpitkQt2mJv4jhtY4cbgaetOm5UKWZe05/TGQ6o1Vl8EOHkrA==}
    engines: {node: ^20.19.0 || >=22.12.0}
    cpu: [arm]
    os: [android]

  '@oxlint/binding-android-arm64@1.80.0':
    resolution: {integrity: sha512-YlO5JEf0Yr2bUUlu8O8daVcUxtcGGbcSmyV7E7nSbJbfAdxTE0PFPwgnIlw7wXJaTYjb+qs5hI5q3jxUkI7cAw==}
    engines: {node: ^20.19.0 || >=22.12.0}
    cpu: [arm64]
    os: [android]

  '@oxlint/binding-darwin-arm64@1.80.0':
    resolution: {integrity: sha512-BULDOyO3AhsmdWfQeIUCykDt3dd7XZBGLhp1eIh56skRv01O+cNjNPwXMIbeW1x4+pxcln5if72wcRgViVo7PA==}
    engines: {node: ^20.19.0 || >=22.12.0}
    cpu: [arm64]
    os: [darwin]

  '@oxlint/binding-darwin-x64@1.80.0':
    resolution: {integrity: sha512-YJ4JzLw7N5TDSQFlA0hAQGHvnDZgyypm1yunObVWcWiF9KM7eGCJKYKLgTC2Fi/57OdnBhbj4OkzPGdFQJ6HyA==}
    engines: {node: ^20.19.0 || >=22.12.0}
    cpu: [x64]
    os: [darwin]

  '@oxlint/binding-freebsd-x64@1.80.0':
    resolution: {integrity: sha512-AYUIk5QnL0s8oWAYsREZwkRYy1SupJTXALo93J1TgzHywxQtdM99FecRMQ87MXEdPQ0j1TmEpeeq3fGNkpvMqg==}
    engines: {node: ^20.19.0 || >=22.12.0}
    cpu: [x64]
    os: [freebsd]

  '@oxlint/binding-linux-arm-gnueabihf@1.80.0':
    resolution: {integrity: sha512-9hBZVANupQ89W9dXyE0n8doCyaW5pDyGn3y6XlIMPZ+rIKuyqkr3SNUXmVJIhuvUq0NBU3RBiSXXE69l4XI6KA==}
    engines: {node: ^20.19.0 || >=22.12.0}
    cpu: [arm]
    os: [linux]

  '@oxlint/binding-linux-arm-musleabihf@1.80.0':
    resolution: {integrity: sha512-SvS2uKqzY+pbfuvAHzH4338R6Zwo805GAwrIMVvK1KxoOWCIjZUdfzTCvilD7z6JK91v011+zYMryabhDo2AsQ==}
    engines: {node: ^20.19.0 || >=22.12.0}
    cpu: [arm]
    os: [linux]

  '@oxlint/binding-linux-arm64-gnu@1.80.0':
    resolution: {integrity: sha512-tCLadyqRVL3pQTRPNg7cjXKvcvS4fbyXeQHhKk5BTJ1oftQln5/yIIWbu/Xom/DX41zv2P9QGt6+D/TtQVtY3A==}
    engines: {node: ^20.19.0 || >=22.12.0}
    cpu: [arm64]
    os: [linux]
    libc: [glibc]

  '@oxlint/binding-linux-arm64-musl@1.80.0':
    resolution: {integrity: sha512-XfpCNRlOPcLlJl4Bn/FUhjqlR6BVavEykERBf/MV7YA9VZDa5g5znVqYhyviMafcxS9Pe/i/kPvHNO0U6svEHQ==}
    engines: {node: ^20.19.0 || >=22.12.0}
    cpu: [arm64]
    os: [linux]
    libc: [musl]

  '@oxlint/binding-linux-ppc64-gnu@1.80.0':
    resolution: {integrity: sha512-3I4yMwcFG9NeO8ioY6JBBuKsIm5GL/x7MATt1S4tVWaxPu5HcJ+XnLUbcVBTxG8q2Wu56HSj+NmXQiVYb1lp6A==}
    engines: {node: ^20.19.0 || >=22.12.0}
    cpu: [ppc64]
    os: [linux]
    libc: [glibc]

  '@oxlint/binding-linux-riscv64-gnu@1.80.0':
    resolution: {integrity: sha512-E1wAKymkpe1/E8helzBKdm81OBOF+ezxRyXRMEuik3ZpWDER5CPOKZwF66RsdwW98uwZv8UTFremUQtC1CzdJA==}
    engines: {node: ^20.19.0 || >=22.12.0}
    cpu: [riscv64]
    os: [linux]
    libc: [glibc]

  '@oxlint/binding-linux-riscv64-musl@1.80.0':
    resolution: {integrity: sha512-+gLRGD4sIo3+VA++iham5UxD9tKSoJ/VOrROCEXIcknrYtQg6iIQgvjN0cpiRF7N6UYC7pJbvHJlDnMge5LRpQ==}
    engines: {node: ^20.19.0 || >=22.12.0}
    cpu: [riscv64]
    os: [linux]
    libc: [musl]

  '@oxlint/binding-linux-s390x-gnu@1.80.0':
    resolution: {integrity: sha512-aR0PrzHj9leW3NmzBAAP4EzdoBNoJcs9sjnIQPIwyRnBGYrRbXUIpEB5Q39AqK3PLY5JK5uEhDQDiUa1QSAstw==}
    engines: {node: ^20.19.0 || >=22.12.0}
    cpu: [s390x]
    os: [linux]
    libc: [glibc]

  '@oxlint/binding-linux-x64-gnu@1.80.0':
    resolution: {integrity: sha512-vSVh5cSo3Xxs6ghBCcFJlpbkbENzDog1qXtoXLa/HC3aCrR4XO76GZbXmQoCPHnu99nQpdCeC3H9tdNICfDh7A==}
    engines: {node: ^20.19.0 || >=22.12.0}
    cpu: [x64]
    os: [linux]
    libc: [glibc]

  '@oxlint/binding-linux-x64-musl@1.80.0':
    resolution: {integrity: sha512-FfzBXpNQ8u7/ZI/p8bl73MeZ508Ax3hxWp3SiJpEFiC+BB9XcXy5FAZHTLKDPSzrUpxQZSZJAVdDmuJp/+HDBQ==}
    engines: {node: ^20.19.0 || >=22.12.0}
    cpu: [x64]
    os: [linux]
    libc: [musl]

  '@oxlint/binding-openharmony-arm64@1.80.0':
    resolution: {integrity: sha512-zMzbkumtmprCgRwoYNzcB3iC39fXdJIMLMU33KdCjEGLlJGOEt1+LwQ4LF8ndLzAEKVz4BR0y3V6Xrkk3Nm3yA==}
    engines: {node: ^20.19.0 || >=22.12.0}
    cpu: [arm64]
    os: [openharmony]

  '@oxlint/binding-win32-arm64-msvc@1.80.0':
    resolution: {integrity: sha512-ib6iRcrXsk4t1fm3iKcwksyWh1ZkZXC/2mEzakl0ai2+6HZunf1WWMZ/xP9EJAvw9g9K4UVTC3NF/+G2qLrbTQ==}
    engines: {node: ^20.19.0 || >=22.12.0}
    cpu: [arm64]
    os: [win32]

  '@oxlint/binding-win32-ia32-msvc@1.80.0':
    resolution: {integrity: sha512-xhRWBMpLxZvgKAH6+DJZmpP+W8Y8UdQOSU1JfxSWNXsaBaRGW77j+1hCuNHlzj7OH4SPN8fYd1q0o2qrDtoVyw==}
    engines: {node: ^20.19.0 || >=22.12.0}
    cpu: [ia32]
    os: [win32]

  '@oxlint/binding-win32-x64-msvc@1.80.0':
    resolution: {integrity: sha512-yAnO7lwBYQnz2pcfBPIGQQZWIX5zd5R/1aAKIF3oE+TVj7IhoHcROjOkz3sRDngzqhfPKfFaXqug5j5rE5dn6Q==}
    engines: {node: ^20.19.0 || >=22.12.0}
    cpu: [x64]
    os: [win32]

  '@redocly/ajv@8.11.2':
    resolution: {integrity: sha512-io1JpnwtIcvojV7QKDUSIuMN/ikdOUd1ReEnUnMKGfDVridQZ31J0MmIuqwuRjWDZfmvr+Q0MqCcfHM2gTivOg==}

  '@redocly/config@0.22.0':
    resolution: {integrity: sha512-gAy93Ddo01Z3bHuVdPWfCwzgfaYgMdaZPcfL7JZ7hWJoK9V0lXDbigTWkhiPFAaLWzbOJ+kbUQG1+XwIm0KRGQ==}

  '@redocly/openapi-core@1.34.19':
    resolution: {integrity: sha512-o/0VgsBXgwcY1lyeqcVtSGdTQAPnVggo0fbFVPlxl5XVDKUcVH0OLRqt3CbkwByT5FU305E0iE0O7MzThjDblw==}
    engines: {node: '>=18.17.0', npm: '>=9.5.0'}

  '@tanstack/query-core@5.102.7':
    resolution: {integrity: sha512-4TH8KQrCLoNs9Zvl1LW1iaZ9cZx3dGTgfZ1BnLrcRxMNnX/toe/dGbfvF/DkvbzRyfLfpMKZkembz3o0rnugtw==}

  '@tanstack/react-query@5.102.7':
    resolution: {integrity: sha512-bbd8T4jDIj9aPbNn11SsjNH8apKY4zspkrw63JRsNDXjpW5SRF7X0ipi7yrGd8DCs8QhYfhQJKqEj1YLru1DbQ==}
    peerDependencies:
      react: ^18 || ^19

  '@tanstack/react-virtual@3.14.10':
    resolution: {integrity: sha512-SRyoUbdFMRHuYXMijV5H4ZarQWpXkj3iANq8OFre+pybeVap8ZJjZ3Nz9bVjx4d8PfobVUQUdKyyyHYk3E+djw==}
    peerDependencies:
      react: ^16.8.0 || ^17.0.0 || ^18.0.0 || ^19.0.0
      react-dom: ^16.8.0 || ^17.0.0 || ^18.0.0 || ^19.0.0

  '@tanstack/virtual-core@3.17.8':
    resolution: {integrity: sha512-BfEvehNpOT75r5Ksc5xW6NZuXujTfb7nlSEyVu4XHG3gdxNg1KqXruWbDewXOUaUYIo4oRbSfkjIajz4MAT8tA==}

  '@types/react-dom@19.2.5':
    resolution: {integrity: sha512-fMPwH9v7r/pp43yUd2/Mbiex5KouJwwR3dzHkhLREUC6764VyDsqxhAxv6OFEYR1RhjOyD1naqba8ECDBe7ZQg==}
    peerDependencies:
      '@types/react': ^19.2.0

  '@types/react@19.2.18':
    resolution: {integrity: sha512-AnzbBERsrLKtk2XSfTbYRLjQPdy116Sty4q+T+Bp3IC4l6jNBvreVPAHmpq9qhXQM7CXZPjLVmGMw9sy+hxQ3w==}

  agent-base@7.1.4:
    resolution: {integrity: sha512-MnA+YT8fwfJPgBx3m60MNqakm30XOkyIoH1y6huTQvC0PwZG7ki8NacLBcrPbNoo8vEZy7Jpuk7+jMO+CUovTQ==}
    engines: {node: '>= 14'}

  ansi-colors@4.1.3:
    resolution: {integrity: sha512-/6w/C21Pm1A7aZitlI5Ni/2J6FFQN8i1Cvz3kHABAAbw93v/NlvKdVOqz7CCWz/3iv/JplRSEEZ83XION15ovw==}
    engines: {node: '>=6'}

  argparse@2.0.1:
    resolution: {integrity: sha512-8+9WqebbFzpX9OR+Wa6O29asIogeRMzcGtAINdpMHHyAg10f05aSFVBbcEqGf/PXw1EjAZ+q2/bEBg3DvurK3Q==}

  balanced-match@1.0.2:
    resolution: {integrity: sha512-3oSeUO0TMV67hN1AmbXsK4yaqU7tjiHlbxRDZOpH0KW9+CeX4bRAaX0Anxt0tx2MrpRpWwQaPwIlISEJhYU5Pw==}

  brace-expansion@2.1.4:
    resolution: {integrity: sha512-hGfVzPxthbf3+2yjg/RBs60cB0FhqBS/zvdV/4wn4/BmN0bNMMHPc4V/BbFieqf1TKAGGAHnY4eSjajCl0f2Xg==}

  change-case@5.4.4:
    resolution: {integrity: sha512-HRQyTk2/YPEkt9TnUPbOpr64Uw3KOicFWPVBb+xiHvd6eBx/qPr9xqfBFDT8P2vWsvvz4jbEkfDe71W3VyNu2w==}

  colorette@1.4.0:
    resolution: {integrity: sha512-Y2oEozpomLn7Q3HFP7dpww7AtMJplbM9lGZP6RDfHqmbeRjiwRg4n6VM6j4KLmRke85uWEI7JqF17f3pqdRA0g==}

  cookie@1.1.1:
    resolution: {integrity: sha512-ei8Aos7ja0weRpFzJnEA9UHJ/7XQmqglbRwnf2ATjcB9Wq874VKH9kfjjirM6UhU2/E5fFYadylyhFldcqSidQ==}
    engines: {node: '>=18'}

  csstype@3.2.3:
    resolution: {integrity: sha512-z1HGKcYy2xA8AGQfwrn0PAy+PB7X/GSj3UVJW9qKyn43xWa+gl5nXmU4qqLMRzWVLFC8KusUX8T/0kCiOYpAIQ==}

  dayjs@1.11.23:
    resolution: {integrity: sha512-QDTCU0M0MxR3hQfnlDJfwekQiaanm1ubOD231u73WBckQ/fsamwRLiE2GBz6D3a/xF1NgfiDLJjXBa1hYOYTtQ==}

  debug@4.4.3:
    resolution: {integrity: sha512-RGwwWnwQvkVfavKVt22FGLw+xYSdzARwm0ru6DhTVA3umU5hZc28V3kO4stgYryrTlLpuvgI9GiijltAjNbcqA==}
    engines: {node: '>=6.0'}
    peerDependencies:
      supports-color: '*'
    peerDependenciesMeta:
      supports-color:
        optional: true

  fast-deep-equal@3.1.3:
    resolution: {integrity: sha512-f3qQ9oQy9j2AhBe/H9VC91wLmKBCCU/gDOnKNAYG5hswO7BLKj09Hc5HYNz9cGI++xlpDCIgDaitVs03ATR84Q==}

  html-parse-stringify@4.0.1:
    resolution: {integrity: sha512-0zHsZJrK7S3K2aucXWL6ycoYJ/iNtIcFHC/nYQgFklPtrv5LpJctIiSCroWZWeuoXvuyFdzp6KzjJQ+OT5MfFw==}

  https-proxy-agent@7.0.6:
    resolution: {integrity: sha512-vK9P5/iUfdl95AI+JVyUuIcVtd4ofvtrOr3HNtM2yxC9bnMbEdp3x01OhQNnjb8IJYi38VlTE3mBXwcfvywuSw==}
    engines: {node: '>= 14'}

  i18next@26.4.0:
    resolution: {integrity: sha512-rsmK5bFqsD1AetSFSIa43wtNR4WpvvH4p0tLEsTxkC7QTrfdFm06nbQ95bh8Og4wwaCnUEcm9DVYL2cgxitiQg==}
    peerDependencies:
      typescript: ^5 || ^6 || ^7
    peerDependenciesMeta:
      typescript:
        optional: true

  index-to-position@1.2.0:
    resolution: {integrity: sha512-Yg7+ztRkqslMAS2iFaU+Oa4KTSidr63OsFGlOrJoW981kIYO3CGCS3wA95P1mUi/IVSJkn0D479KTJpVpvFNuw==}
    engines: {node: '>=18'}

  js-levenshtein@1.1.6:
    resolution: {integrity: sha512-X2BB11YZtrRqY4EnQcLX5Rh373zbK4alC1FW7D7MBhL2gtcC17cTnr6DmfHZeS0s2rTHjUTMMHfG7gO8SSdw+g==}
    engines: {node: '>=0.10.0'}

  js-tokens@4.0.0:
    resolution: {integrity: sha512-RdJUflcE3cUzKiMqQgsCu06FPu9UdIJO0beYbPhHN4k6apgJtifcoCtT9bcxOpYBtpD2kCM6Sbzg4CausW/PKQ==}

  js-yaml@4.3.1:
    resolution: {integrity: sha512-CY6crGq313MX8GkwvB7tzgp99vjQxY1++5y10/BKN/GUfHqWaOGQMNZkBvqSzsZKWk/ijwHlWzzkLulsGHhjWQ==}
    hasBin: true

  json-schema-traverse@1.0.0:
    resolution: {integrity: sha512-NM8/P9n3XjXhIZn1lLhkFaACTOURQXjWhV4BA/RnOv8xvgqtqpAX9IO4mRQxSx1Rlo4tqzeqb0sOlruaOy3dug==}

  minimatch@5.1.9:
    resolution: {integrity: sha512-7o1wEA2RyMP7Iu7GNba9vc0RWWGACJOCZBJX2GJWip0ikV+wcOsgVuY9uE8CPiyQhkGFSlhuSkZPavN7u1c2Fw==}
    engines: {node: '>=10'}

  ms@2.1.3:
    resolution: {integrity: sha512-6FlzubTLZG3J2a/NVCAleEhjzq5oxgHyaCU9yYXvcLsvoVaHJq/s5xXI6/XXP6tz7R9xAOtHnSO/tXtF3WRTlA==}

  openapi-typescript@7.13.0:
    resolution: {integrity: sha512-EFP392gcqXS7ntPvbhBzbF8TyBA+baIYEm791Hy5YkjDYKTnk/Tn5OQeKm5BIZvJihpp8Zzr4hzx0Irde1LNGQ==}
    hasBin: true
    peerDependencies:
      typescript: ^5.x

  oxlint@1.80.0:
    resolution: {integrity: sha512-5nTiSps4qdbCWLbxzuO00alHkEO2exR9YMN/ig6QXWrLsYSG0KaObOAM+l6oU2LcKPWoSAGYbkZIGEu1ViiWKA==}
    engines: {node: ^20.19.0 || >=22.12.0}
    hasBin: true
    peerDependencies:
      oxlint-tsgolint: '>=7.0.2001'
      vite-plus: '*'
    peerDependenciesMeta:
      oxlint-tsgolint:
        optional: true
      vite-plus:
        optional: true

  parse-json@8.3.0:
    resolution: {integrity: sha512-ybiGyvspI+fAoRQbIPRddCcSTV9/LsJbf0e/S85VLowVGzRmokfneg2kwVW/KU5rOXrPSbF1qAKPMgNTqqROQQ==}
    engines: {node: '>=18'}

  picocolors@1.1.1:
    resolution: {integrity: sha512-xceH2snhtb5M9liqDsmEw56le376mTZkEX/jEb/RxNFyegNul7eNslCXP9FDj/Lcu0X8KEyMceP2ntpaHrDEVA==}

  pluralize@8.0.0:
    resolution: {integrity: sha512-Nc3IT5yHzflTfbjgqWcCPpo7DaKy4FnpB0l/zCAW0Tc7jxAiuqSxHasntB3D7887LSrA93kDJ9IXovxJYxyLCA==}
    engines: {node: '>=4'}

  prettier@3.9.6:
    resolution: {integrity: sha512-OpN0zzVdiaiAhxpuuj5efpIS4sY9j7bY6uR5mnj5yPzGkdkjNKSJeUThPb60Jw29QuAZgA4o+/iB49kFiaBX6g==}
    engines: {node: '>=14'}
    hasBin: true

  react-dom@19.2.8:
    resolution: {integrity: sha512-rVprimfGBG3DR+Tq0IQG2DT5PxKth1WIGDmj5yPmlzr4YBe7uyE+Du4oVqTDXZSHGGGXRtTJEGSSePyQCMBglQ==}
    peerDependencies:
      react: ^19.2.8

  react-i18next@17.0.12:
    resolution: {integrity: sha512-lFWPEGkxQ6RhusdUkysFBD58VHfSSzvHBzqMgN0SvfVpdQGfwtNkStTqdy08/sJd7s807qqutgx93fRpD0DJ3Q==}
    peerDependencies:
      i18next: '>= 26.2.0'
      react: '>= 16.8.0'
      react-dom: '*'
      react-native: '*'
      typescript: ^5 || ^6 || ^7
    peerDependenciesMeta:
      react-dom:
        optional: true
      react-native:
        optional: true
      typescript:
        optional: true

  react-router-dom@7.18.2:
    resolution: {integrity: sha512-AIKJ/jgGlFb3EbfCXk5Gzshiwt+l3mqbCrNjmEWMMjqQxNJ3svBa6bgzFyCC2Sw3RA0VWF1kg3uQf2OFhxb8hw==}
    engines: {node: '>=20.0.0'}
    peerDependencies:
      react: '>=18'
      react-dom: '>=18'

  react-router@7.18.2:
    resolution: {integrity: sha512-aUVMjFm3GAPTTZL7oYr5E7ETiqfQCHRLH+B+5afnICvf0r7kkK4eR6SMuwbSTJw/7t+12khT/Kahij49fqOCIg==}
    engines: {node: '>=20.0.0'}
    peerDependencies:
      react: '>=18'
      react-dom: '>=18'
    peerDependenciesMeta:
      react-dom:
        optional: true

  react@19.2.8:
    resolution: {integrity: sha512-PWaYA1L/q9u2u7xYQi+Y3L3Yfnie7XyLeaJICV1MGD6LprsBxcAqGjYyr0eY3p+QdsA+x/Irkt4Qif8D63+Sbw==}
    engines: {node: '>=0.10.0'}

  require-from-string@2.0.2:
    resolution: {integrity: sha512-Xf0nWe6RseziFMu+Ap9biiUbmplq6S9/p+7w7YXP/JBHhrUDDUhwa+vANyubuqfZWTveU//DYVGsDG7RKL/vEw==}
    engines: {node: '>=0.10.0'}

  scheduler@0.27.0:
    resolution: {integrity: sha512-eNv+WrVbKu1f3vbYJT/xtiF5syA5HPIMtf9IgY/nKg0sWqzAUEvqY/xm7OcZc/qafLx/iO9FgOmeSAp4v5ti/Q==}

  set-cookie-parser@2.7.2:
    resolution: {integrity: sha512-oeM1lpU/UvhTxw+g3cIfxXHyJRc/uidd3yK1P242gzHds0udQBYzs3y8j4gCCW+ZJ7ad0yctld8RYO+bdurlvw==}

  supports-color@10.2.2:
    resolution: {integrity: sha512-SS+jx45GF1QjgEXQx4NJZV9ImqmO2NPz5FNsIHrsDjh2YsHnawpan7SNQ1o8NuhrbHZy9AZhIoCUiCeaW/C80g==}
    engines: {node: '>=18'}

  type-fest@4.41.0:
    resolution: {integrity: sha512-TeTSQ6H5YHvpqVwBRcnLDCBnDOHWYu7IvGbHT6N8AOymcr9PJGjc1GTtiWZTYg0NCgYwvnYWEkVChQAr9bjfwA==}
    engines: {node: '>=16'}

  typescript@6.0.3:
    resolution: {integrity: sha512-y2TvuxSZPDyQakkFRPZHKFm+KKVqIisdg9/CZwm9ftvKXLP8NRWj38/ODjNbr43SsoXqNuAisEf1GdCxqWcdBw==}
    engines: {node: '>=14.17'}
    hasBin: true

  uri-js-replace@1.0.1:
    resolution: {integrity: sha512-W+C9NWNLFOoBI2QWDp4UT9pv65r2w5Cx+3sTYFvtMdDBxkKt1syCqsUdSFAChbEe1uK5TfS04wt/nGwmaeIQ0g==}

  use-sync-external-store@1.6.0:
    resolution: {integrity: sha512-Pp6GSwGP/NrPIrxVFAIkOQeyw8lFenOHijQWkUTrDvrF4ALqylP2C/KCkeS9dpUM3KvYRQhna5vt7IL95+ZQ9w==}
    peerDependencies:
      react: ^16.8.0 || ^17.0.0 || ^18.0.0 || ^19.0.0

  yaml-ast-parser@0.0.43:
    resolution: {integrity: sha512-2PTINUwsRqSd+s8XxKaJWQlUuEMHJQyEuh2edBbW8KNJz0SJPwUSD2zRWqezFEdN7IzAgeuYHFUCF7o8zRdZ0A==}

  yargs-parser@21.1.1:
    resolution: {integrity: sha512-tVpsJW7DdjecAiFpbIB1e3qxIQsE6NoPc5/eTdrbbIC4h0LVsWhnoa3g+m2HclBIujHzsxZ4VJVA+GUuc2/LBw==}
    engines: {node: '>=12'}

snapshots:

  '@babel/code-frame@7.29.7':
    dependencies:
      '@babel/helper-validator-identifier': 7.29.7
      js-tokens: 4.0.0
      picocolors: 1.1.1

  '@babel/helper-validator-identifier@7.29.7': {}

  '@babel/runtime@7.29.7': {}

  '@oxlint/binding-android-arm-eabi@1.80.0':
    optional: true

  '@oxlint/binding-android-arm64@1.80.0':
    optional: true

  '@oxlint/binding-darwin-arm64@1.80.0':
    optional: true

  '@oxlint/binding-darwin-x64@1.80.0':
    optional: true

  '@oxlint/binding-freebsd-x64@1.80.0':
    optional: true

  '@oxlint/binding-linux-arm-gnueabihf@1.80.0':
    optional: true

  '@oxlint/binding-linux-arm-musleabihf@1.80.0':
    optional: true

  '@oxlint/binding-linux-arm64-gnu@1.80.0':
    optional: true

  '@oxlint/binding-linux-arm64-musl@1.80.0':
    optional: true

  '@oxlint/binding-linux-ppc64-gnu@1.80.0':
    optional: true

  '@oxlint/binding-linux-riscv64-gnu@1.80.0':
    optional: true

  '@oxlint/binding-linux-riscv64-musl@1.80.0':
    optional: true

  '@oxlint/binding-linux-s390x-gnu@1.80.0':
    optional: true

  '@oxlint/binding-linux-x64-gnu@1.80.0':
    optional: true

  '@oxlint/binding-linux-x64-musl@1.80.0':
    optional: true

  '@oxlint/binding-openharmony-arm64@1.80.0':
    optional: true

  '@oxlint/binding-win32-arm64-msvc@1.80.0':
    optional: true

  '@oxlint/binding-win32-ia32-msvc@1.80.0':
    optional: true

  '@oxlint/binding-win32-x64-msvc@1.80.0':
    optional: true

  '@redocly/ajv@8.11.2':
    dependencies:
      fast-deep-equal: 3.1.3
      json-schema-traverse: 1.0.0
      require-from-string: 2.0.2
      uri-js-replace: 1.0.1

  '@redocly/config@0.22.0': {}

  '@redocly/openapi-core@1.34.19(supports-color@10.2.2)':
    dependencies:
      '@redocly/ajv': 8.11.2
      '@redocly/config': 0.22.0
      colorette: 1.4.0
      https-proxy-agent: 7.0.6(supports-color@10.2.2)
      js-levenshtein: 1.1.6
      js-yaml: 4.3.1
      minimatch: 5.1.9
      pluralize: 8.0.0
      yaml-ast-parser: 0.0.43
    transitivePeerDependencies:
      - supports-color

  '@tanstack/query-core@5.102.7': {}

  '@tanstack/react-query@5.102.7(react@19.2.8)':
    dependencies:
      '@tanstack/query-core': 5.102.7
      react: 19.2.8

  '@tanstack/react-virtual@3.14.10(react-dom@19.2.8(react@19.2.8))(react@19.2.8)':
    dependencies:
      '@tanstack/virtual-core': 3.17.8
      react: 19.2.8
      react-dom: 19.2.8(react@19.2.8)

  '@tanstack/virtual-core@3.17.8': {}

  '@types/react-dom@19.2.5(@types/react@19.2.18)':
    dependencies:
      '@types/react': 19.2.18

  '@types/react@19.2.18':
    dependencies:
      csstype: 3.2.3

  agent-base@7.1.4: {}

  ansi-colors@4.1.3: {}

  argparse@2.0.1: {}

  balanced-match@1.0.2: {}

  brace-expansion@2.1.4:
    dependencies:
      balanced-match: 1.0.2

  change-case@5.4.4: {}

  colorette@1.4.0: {}

  cookie@1.1.1: {}

  csstype@3.2.3: {}

  dayjs@1.11.23: {}

  debug@4.4.3(supports-color@10.2.2):
    dependencies:
      ms: 2.1.3
    optionalDependencies:
      supports-color: 10.2.2

  fast-deep-equal@3.1.3: {}

  html-parse-stringify@4.0.1: {}

  https-proxy-agent@7.0.6(supports-color@10.2.2):
    dependencies:
      agent-base: 7.1.4
      debug: 4.4.3(supports-color@10.2.2)
    transitivePeerDependencies:
      - supports-color

  i18next@26.4.0(typescript@6.0.3):
    optionalDependencies:
      typescript: 6.0.3

  index-to-position@1.2.0: {}

  js-levenshtein@1.1.6: {}

  js-tokens@4.0.0: {}

  js-yaml@4.3.1:
    dependencies:
      argparse: 2.0.1

  json-schema-traverse@1.0.0: {}

  minimatch@5.1.9:
    dependencies:
      brace-expansion: 2.1.4

  ms@2.1.3: {}

  openapi-typescript@7.13.0(typescript@6.0.3):
    dependencies:
      '@redocly/openapi-core': 1.34.19(supports-color@10.2.2)
      ansi-colors: 4.1.3
      change-case: 5.4.4
      parse-json: 8.3.0
      supports-color: 10.2.2
      typescript: 6.0.3
      yargs-parser: 21.1.1

  oxlint@1.80.0:
    optionalDependencies:
      '@oxlint/binding-android-arm-eabi': 1.80.0
      '@oxlint/binding-android-arm64': 1.80.0
      '@oxlint/binding-darwin-arm64': 1.80.0
      '@oxlint/binding-darwin-x64': 1.80.0
      '@oxlint/binding-freebsd-x64': 1.80.0
      '@oxlint/binding-linux-arm-gnueabihf': 1.80.0
      '@oxlint/binding-linux-arm-musleabihf': 1.80.0
      '@oxlint/binding-linux-arm64-gnu': 1.80.0
      '@oxlint/binding-linux-arm64-musl': 1.80.0
      '@oxlint/binding-linux-ppc64-gnu': 1.80.0
      '@oxlint/binding-linux-riscv64-gnu': 1.80.0
      '@oxlint/binding-linux-riscv64-musl': 1.80.0
      '@oxlint/binding-linux-s390x-gnu': 1.80.0
      '@oxlint/binding-linux-x64-gnu': 1.80.0
      '@oxlint/binding-linux-x64-musl': 1.80.0
      '@oxlint/binding-openharmony-arm64': 1.80.0
      '@oxlint/binding-win32-arm64-msvc': 1.80.0
      '@oxlint/binding-win32-ia32-msvc': 1.80.0
      '@oxlint/binding-win32-x64-msvc': 1.80.0

  parse-json@8.3.0:
    dependencies:
      '@babel/code-frame': 7.29.7
      index-to-position: 1.2.0
      type-fest: 4.41.0

  picocolors@1.1.1: {}

  pluralize@8.0.0: {}

  prettier@3.9.6: {}

  react-dom@19.2.8(react@19.2.8):
    dependencies:
      react: 19.2.8
      scheduler: 0.27.0

  react-i18next@17.0.12(i18next@26.4.0(typescript@6.0.3))(react-dom@19.2.8(react@19.2.8))(react@19.2.8)(typescript@6.0.3):
    dependencies:
      '@babel/runtime': 7.29.7
      html-parse-stringify: 4.0.1
      i18next: 26.4.0(typescript@6.0.3)
      react: 19.2.8
      use-sync-external-store: 1.6.0(react@19.2.8)
    optionalDependencies:
      react-dom: 19.2.8(react@19.2.8)
      typescript: 6.0.3

  react-router-dom@7.18.2(react-dom@19.2.8(react@19.2.8))(react@19.2.8):
    dependencies:
      react: 19.2.8
      react-dom: 19.2.8(react@19.2.8)
      react-router: 7.18.2(react-dom@19.2.8(react@19.2.8))(react@19.2.8)

  react-router@7.18.2(react-dom@19.2.8(react@19.2.8))(react@19.2.8):
    dependencies:
      cookie: 1.1.1
      react: 19.2.8
      set-cookie-parser: 2.7.2
    optionalDependencies:
      react-dom: 19.2.8(react@19.2.8)

  react@19.2.8: {}

  require-from-string@2.0.2: {}

  scheduler@0.27.0: {}

  set-cookie-parser@2.7.2: {}

  supports-color@10.2.2: {}

  type-fest@4.41.0: {}

  typescript@6.0.3: {}

  uri-js-replace@1.0.1: {}

  use-sync-external-store@1.6.0(react@19.2.8):
    dependencies:
      react: 19.2.8

  yaml-ast-parser@0.0.43: {}

  yargs-parser@21.1.1: {}
